{
  "version": 4,
  "terraform_version": "1.1.9",
  "serial": 208,
  "lineage": "d30475da-4f0a-9819-370d-1619e2535d36",
  "outputs": {
    "google_compute_instance_name": {
      "value": "my-machine-0 , my-machine-1",
      "type": "string"
    }
  },
  "resources": [
    {
      "mode": "data",
      "type": "google_compute_image",
      "name": "debian_image",
      "provider": "provider[\"registry.terraform.io/hashicorp/google\"]",
      "instances": [
        {
          "schema_version": 0,
          "attributes": {
            "archive_size_bytes": 2693680896,
            "creation_timestamp": "2022-05-19T09:51:36.304-07:00",
            "description": "Debian, Debian GNU/Linux, 9 (stretch), amd64 built on 20220519",
            "disk_size_gb": 10,
            "family": "debian-9",
            "filter": null,
            "id": "projects/debian-cloud/global/images/debian-9-stretch-v20220519",
            "image_encryption_key_sha256": "",
            "image_id": "7032424516977150839",
            "label_fingerprint": "42WmSpB8rSM=",
            "labels": {},
            "licenses": [
              "https://www.googleapis.com/compute/v1/projects/debian-cloud/global/licenses/debian-9-stretch"
            ],
            "name": "debian-9-stretch-v20220519",
            "project": "debian-cloud",
            "self_link": "https://www.googleapis.com/compute/v1/projects/debian-cloud/global/images/debian-9-stretch-v20220519",
            "source_disk": "",
            "source_disk_encryption_key_sha256": "",
            "source_disk_id": "",
            "source_image_id": "",
            "status": "READY"
          },
          "sensitive_attributes": []
        }
      ]
    },
    {
      "mode": "managed",
      "type": "google_compute_address",
      "name": "static",
      "provider": "provider[\"registry.terraform.io/hashicorp/google\"]",
      "instances": [
        {
          "index_key": 0,
          "schema_version": 0,
          "attributes": {
            "address": "34.68.49.132",
            "address_type": "EXTERNAL",
            "creation_timestamp": "2022-06-07T05:21:19.584-07:00",
            "description": "",
            "id": "projects/fleet-anagram-350004/regions/us-central1/addresses/ipv4-address-0",
            "name": "ipv4-address-0",
            "network": "",
            "network_tier": "PREMIUM",
            "prefix_length": 0,
            "project": "fleet-anagram-350004",
            "purpose": "",
            "region": "us-central1",
            "self_link": "https://www.googleapis.com/compute/v1/projects/fleet-anagram-350004/regions/us-central1/addresses/ipv4-address-0",
            "subnetwork": "",
            "timeouts": null,
            "users": []
          },
          "sensitive_attributes": [],
          "private": "eyJlMmJmYjczMC1lY2FhLTExZTYtOGY4OC0zNDM2M2JjN2M0YzAiOnsiY3JlYXRlIjoxMjAwMDAwMDAwMDAwLCJkZWxldGUiOjEyMDAwMDAwMDAwMDB9fQ=="
        },
        {
          "index_key": 1,
          "schema_version": 0,
          "attributes": {
            "address": "35.202.133.184",
            "address_type": "EXTERNAL",
            "creation_timestamp": "2022-06-07T05:21:19.706-07:00",
            "description": "",
            "id": "projects/fleet-anagram-350004/regions/us-central1/addresses/ipv4-address-1",
            "name": "ipv4-address-1",
            "network": "",
            "network_tier": "PREMIUM",
            "prefix_length": 0,
            "project": "fleet-anagram-350004",
            "purpose": "",
            "region": "us-central1",
            "self_link": "https://www.googleapis.com/compute/v1/projects/fleet-anagram-350004/regions/us-central1/addresses/ipv4-address-1",
            "subnetwork": "",
            "timeouts": null,
            "users": []
          },
          "sensitive_attributes": [],
          "private": "eyJlMmJmYjczMC1lY2FhLTExZTYtOGY4OC0zNDM2M2JjN2M0YzAiOnsiY3JlYXRlIjoxMjAwMDAwMDAwMDAwLCJkZWxldGUiOjEyMDAwMDAwMDAwMDB9fQ=="
        }
      ]
    },
    {
      "mode": "managed",
      "type": "google_compute_instance",
      "name": "instance_with_ip",
      "provider": "provider[\"registry.terraform.io/hashicorp/google\"]",
      "instances": [
        {
          "index_key": 0,
          "schema_version": 6,
          "attributes": {
            "advanced_machine_features": [],
            "allow_stopping_for_update": null,
            "attached_disk": [],
            "boot_disk": [
              {
                "auto_delete": true,
                "device_name": "persistent-disk-0",
                "disk_encryption_key_raw": "",
                "disk_encryption_key_sha256": "",
                "initialize_params": [
                  {
                    "image": "https://www.googleapis.com/compute/v1/projects/debian-cloud/global/images/debian-9-stretch-v20220519",
                    "labels": {},
                    "size": 10,
                    "type": "pd-standard"
                  }
                ],
                "kms_key_self_link": "",
                "mode": "READ_WRITE",
                "source": "https://www.googleapis.com/compute/v1/projects/fleet-anagram-350004/zones/us-central1-a/disks/my-machine-0"
              }
            ],
            "can_ip_forward": false,
            "confidential_instance_config": [],
            "cpu_platform": "Intel Haswell",
            "current_status": "RUNNING",
            "deletion_protection": false,
            "description": "",
            "desired_status": null,
            "enable_display": false,
            "guest_accelerator": [],
            "hostname": "",
            "id": "projects/fleet-anagram-350004/zones/us-central1-a/instances/my-machine-0",
            "instance_id": "793388296472558639",
            "label_fingerprint": "42WmSpB8rSM=",
            "labels": null,
            "machine_type": "f1-micro",
            "metadata": null,
            "metadata_fingerprint": "VZh-BxPVi6g=",
            "metadata_startup_script": "#!/bin/bash -xe\nsudo apt-get update\nsudo apt-get install apache2 -y\nsudo a2ensite default-ssl\nsudo a2enmod ssl\nsudo service apache2 restart\necho '\u003c!doctype html\u003e\u003chtml\u003e\u003cbody\u003e\u003ch1\u003eGCP-With-Terraform\u003c/h1\u003e\u003c/body\u003e\u003c/html\u003e' | sudo tee /var/www/html/index.html\n",
            "min_cpu_platform": "",
            "name": "my-machine-0",
            "network_interface": [
              {
                "access_config": [
                  {
                    "nat_ip": "35.224.226.150",
                    "network_tier": "PREMIUM",
                    "public_ptr_domain_name": ""
                  }
                ],
                "alias_ip_range": [],
                "ipv6_access_config": [],
                "ipv6_access_type": "",
                "name": "nic0",
                "network": "https://www.googleapis.com/compute/v1/projects/fleet-anagram-350004/global/networks/default",
                "network_ip": "10.128.0.33",
                "nic_type": "",
                "queue_count": 0,
                "stack_type": "IPV4_ONLY",
                "subnetwork": "https://www.googleapis.com/compute/v1/projects/fleet-anagram-350004/regions/us-central1/subnetworks/default",
                "subnetwork_project": "fleet-anagram-350004"
              }
            ],
            "project": "fleet-anagram-350004",
            "reservation_affinity": [],
            "resource_policies": null,
            "scheduling": [
              {
                "automatic_restart": true,
                "min_node_cpus": 0,
                "node_affinities": [],
                "on_host_maintenance": "MIGRATE",
                "preemptible": false,
                "provisioning_model": "STANDARD"
              }
            ],
            "scratch_disk": [],
            "self_link": "https://www.googleapis.com/compute/v1/projects/fleet-anagram-350004/zones/us-central1-a/instances/my-machine-0",
            "service_account": [],
            "shielded_instance_config": [],
            "tags": [
              "http-server",
              "https-server"
            ],
            "tags_fingerprint": "6smc4R4d39I=",
            "timeouts": null,
            "zone": "us-central1-a"
          },
          "sensitive_attributes": [],
          "private": "eyJlMmJmYjczMC1lY2FhLTExZTYtOGY4OC0zNDM2M2JjN2M0YzAiOnsiY3JlYXRlIjoxMjAwMDAwMDAwMDAwLCJkZWxldGUiOjEyMDAwMDAwMDAwMDAsInVwZGF0ZSI6MTIwMDAwMDAwMDAwMH0sInNjaGVtYV92ZXJzaW9uIjoiNiJ9",
          "dependencies": [
            "data.google_compute_image.debian_image"
          ]
        }
      ]
    }
  ]
}
